
Microsoft Visual Studio Solution File, Format Version 12.00
# Visual Studio 15
VisualStudioVersion = 15.0.28307.489
MinimumVisualStudioVersion = 10.0.40219.1
Project("{FAE04EC0-301F-11D3-BF4B-00C04F79EFBC}") = "DJValeting", "DJValeting\DJValeting.csproj", "{20412279-9D10-493F-B514-881594241CCB}"
EndProject
Project("{FAE04EC0-301F-11D3-BF4B-00C04F79EFBC}") = "DJValeting.Domain", "DJValeting.Domain\DJValeting.Domain.csproj", "{59A6F025-EA1B-4B7F-90FC-76C154F9D6B4}"
EndProject
Global
	GlobalSection(SolutionConfigurationPlatforms) = preSolution
		Debug|Any CPU = Debug|Any CPU
		Release|Any CPU = Release|Any CPU
	EndGlobalSection
	GlobalSection(ProjectConfigurationPlatforms) = postSolution
		{20412279-9D10-493F-B514-881594241CCB}.Debug|Any CPU.ActiveCfg = Debug|Any CPU
		{20412279-9D10-493F-B514-881594241CCB}.Debug|Any CPU.Build.0 = Debug|Any CPU
		{20412279-9D10-493F-B514-881594241CCB}.Release|Any CPU.ActiveCfg = Release|Any CPU
		{20412279-9D10-493F-B514-881594241CCB}.Release|Any CPU.Build.0 = Release|Any CPU
		{59A6F025-EA1B-4B7F-90FC-76C154F9D6B4}.Debug|Any CPU.ActiveCfg = Debug|Any CPU
		{59A6F025-EA1B-4B7F-90FC-76C154F9D6B4}.Debug|Any CPU.Build.0 = Debug|Any CPU
		{59A6F025-EA1B-4B7F-90FC-76C154F9D6B4}.Release|Any CPU.ActiveCfg = Release|Any CPU
		{59A6F025-EA1B-4B7F-90FC-76C154F9D6B4}.Release|Any CPU.Build.0 = Release|Any CPU
	EndGlobalSection
	GlobalSection(SolutionProperties) = preSolution
		HideSolutionNode = FALSE
	EndGlobalSection
	GlobalSection(ExtensibilityGlobals) = postSolution
		SolutionGuid = {999E4673-35FE-4660-B423-7E9FEAFD28DD}
	EndGlobalSection
EndGlobal
